
Microsoft Visual Studio Solution File, Format Version 12.00
# Visual Studio Version 17
VisualStudioVersion = 17.2.32526.322
MinimumVisualStudioVersion = 10.0.40219.1
Project("{FAE04EC0-301F-11D3-BF4B-00C04F79EFBC}") = "3", "3.csproj", "{567E70ED-BDCD-4B1E-9C8B-CD9CF469EB59}"
EndProject
Global
	GlobalSection(SolutionConfigurationPlatforms) = preSolution
		Debug|Any CPU = Debug|Any CPU
		Release|Any CPU = Release|Any CPU
	EndGlobalSection
	GlobalSection(ProjectConfigurationPlatforms) = postSolution
		{567E70ED-BDCD-4B1E-9C8B-CD9CF469EB59}.Debug|Any CPU.ActiveCfg = Debug|Any CPU
		{567E70ED-BDCD-4B1E-9C8B-CD9CF469EB59}.Debug|Any CPU.Build.0 = Debug|Any CPU
		{567E70ED-BDCD-4B1E-9C8B-CD9CF469EB59}.Release|Any CPU.ActiveCfg = Release|Any CPU
		{567E70ED-BDCD-4B1E-9C8B-CD9CF469EB59}.Release|Any CPU.Build.0 = Release|Any CPU
	EndGlobalSection
	GlobalSection(SolutionProperties) = preSolution
		HideSolutionNode = FALSE
	EndGlobalSection
	GlobalSection(ExtensibilityGlobals) = postSolution
		SolutionGuid = {35FAED46-F5B2-4807-A524-798263A1BE0B}
	EndGlobalSection
EndGlobal
